lockfile_version: '1'
generated_at: '2026-06-29T11:37:07.320173+00:00'
dependencies: []
local_deployed_files:
- .github/instructions/apm-workflow.instructions.md
- .github/instructions/local-dev-workflow.instructions.md
- .github/instructions/pr-review.instructions.md
- .github/instructions/setup.instructions.md
local_deployed_file_hashes:
  .github/instructions/apm-workflow.instructions.md: sha256:9c191d58fca449aa44fba3d3cbdef4a9f9e7941227f01e06380ab97d444bb46a
  .github/instructions/local-dev-workflow.instructions.md: sha256:03b3c793e34d9b923efaed442c1c4aeb520ea632bcb3441ddf6149d4cc60659f
  .github/instructions/pr-review.instructions.md: sha256:3706bc20de85b40023e728a80fce50e85d4deb76cefc567c598de93094018bb9
  .github/instructions/setup.instructions.md: sha256:b8c3c8d9e2896e7610405b1a65134e23b16d71c352b942626ce977afba1f9b43
